lockfileVersion: '9.0'

settings:
  autoInstallPeers: true
  excludeLinksFromLockfile: false

importers:

  .:
    dependencies:
      '@actions/cache':
        specifier: ^5.0.3
        version: 5.0.3
      '@actions/core':
        specifier: ^2.0.2
        version: 2.0.2
      '@actions/exec':
        specifier: ^2.0.0
        version: 2.0.0
    devDependencies:
      '@types/node':
        specifier: ^25.0.10
        version: 25.0.10
      esbuild:
        specifier: ^0.28.0
        version: 0.28.0
      typescript:
        specifier: ^5.9.3
        version: 5.9.3

packages:

  '@actions/cache@5.0.3':
    resolution: {integrity: sha512-9joY8Oup+nIpksSBlkuf9/mltnhWx3lydk1tA2PVnXaxFLIIrKqrWDN2CZXlJ+PEErcBARKYn4mHiUCTyMh4Vg==}

  '@actions/core@1.11.1':
    resolution: {integrity: sha512-hXJCSrkwfA46Vd9Z3q4cpEpHB1rL5NG04+/rbqW9d3+CSvtB1tYe8UTpAlixa1vj0m/ULglfEK2UKxMGxCxv5A==}

  '@actions/core@2.0.2':
    resolution: {integrity: sha512-Ast1V7yHbGAhplAsuVlnb/5J8Mtr/Zl6byPPL+Qjq3lmfIgWF1ak1iYfF/079cRERiuTALTXkSuEUdZeDCfGtA==}

  '@actions/exec@1.1.1':
    resolution: {integrity: sha512-+sCcHHbVdk93a0XT19ECtO/gIXoxvdsgQLzb2fE2/5sIZmWQuluYyjPQtrtTHdU1YzTZ7bAPN4sITq2xi1679w==}

  '@actions/exec@2.0.0':
    resolution: {integrity: sha512-k8ngrX2voJ/RIN6r9xB82NVqKpnMRtxDoiO+g3olkIUpQNqjArXrCQceduQZCQj3P3xm32pChRLqRrtXTlqhIw==}

  '@actions/glob@0.5.0':
    resolution: {integrity: sha512-tST2rjPvJLRZLuT9NMUtyBjvj9Yo0MiJS3ow004slMvm8GFM+Zv9HvMJ7HWzfUyJnGrJvDsYkWBaaG3YKXRtCw==}

  '@actions/http-client@2.2.3':
    resolution: {integrity: sha512-mx8hyJi/hjFvbPokCg4uRd4ZX78t+YyRPtnKWwIl+RzNaVuFpQHfmlGVfsKEJN8LwTCvL+DfVgAM04XaHkm6bA==}

  '@actions/http-client@3.0.1':
    resolution: {integrity: sha512-SbGS8c/vySbNO3kjFgSW77n83C4MQx/Yoe+b1hAdpuvfHxnkHzDq2pWljUpAA56Si1Gae/7zjeZsV0CYjmLo/w==}

  '@actions/io@1.1.3':
    resolution: {integrity: sha512-wi9JjgKLYS7U/z8PPbco+PvTb/nRWjeoFlJ1Qer83k/3C5PHQi28hiVdeE2kHXmIL99mQFawx8qt/JPjZilJ8Q==}

  '@actions/io@2.0.0':
    resolution: {integrity: sha512-Jv33IN09XLO+0HS79aaODsvIRyduiF7NY/F6LYeK5oeUmrsz7aFdRphQjFoESF4jS7lMauDOttKALcpapVDIAg==}

  '@azure/abort-controller@1.1.0':
    resolution: {integrity: sha512-TrRLIoSQVzfAJX9H1JeFjzAoDGcoK1IYX1UImfceTZpsyYfWr09Ss1aHW1y5TrrR3iq6RZLBwJ3E24uwPhwahw==}
    engines: {node: '>=12.0.0'}

  '@azure/abort-controller@2.1.2':
    resolution: {integrity: sha512-nBrLsEWm4J2u5LpAPjxADTlq3trDgVZZXHNKabeXZtpq3d3AbN/KGO82R87rdDz5/lYB024rtEf10/q0urNgsA==}
    engines: {node: '>=18.0.0'}

  '@azure/core-auth@1.10.1':
    resolution: {integrity: sha512-ykRMW8PjVAn+RS6ww5cmK9U2CyH9p4Q88YJwvUslfuMmN98w/2rdGRLPqJYObapBCdzBVeDgYWdJnFPFb7qzpg==}
    engines: {node: '>=20.0.0'}

  '@azure/core-client@1.10.1':
    resolution: {integrity: sha512-Nh5PhEOeY6PrnxNPsEHRr9eimxLwgLlpmguQaHKBinFYA/RU9+kOYVOQqOrTsCL+KSxrLLl1gD8Dk5BFW/7l/w==}
    engines: {node: '>=20.0.0'}

  '@azure/core-http-compat@2.3.1':
    resolution: {integrity: sha512-az9BkXND3/d5VgdRRQVkiJb2gOmDU8Qcq4GvjtBmDICNiQ9udFmDk4ZpSB5Qq1OmtDJGlQAfBaS4palFsazQ5g==}
    engines: {node: '>=20.0.0'}

  '@azure/core-lro@2.7.2':
    resolution: {integrity: sha512-0YIpccoX8m/k00O7mDDMdJpbr6mf1yWo2dfmxt5A8XVZVVMz2SSKaEbMCeJRvgQ0IaSlqhjT47p4hVIRRy90xw==}
    engines: {node: '>=18.0.0'}

  '@azure/core-paging@1.6.2':
    resolution: {integrity: sha512-YKWi9YuCU04B55h25cnOYZHxXYtEvQEbKST5vqRga7hWY9ydd3FZHdeQF8pyh+acWZvppw13M/LMGx0LABUVMA==}
    engines: {node: '>=18.0.0'}

  '@azure/core-rest-pipeline@1.22.2':
    resolution: {integrity: sha512-MzHym+wOi8CLUlKCQu12de0nwcq9k9Kuv43j4Wa++CsCpJwps2eeBQwD2Bu8snkxTtDKDx4GwjuR9E8yC8LNrg==}
    engines: {node: '>=20.0.0'}

  '@azure/core-tracing@1.3.1':
    resolution: {integrity: sha512-9MWKevR7Hz8kNzzPLfX4EAtGM2b8mr50HPDBvio96bURP/9C+HjdH3sBlLSNNrvRAr5/k/svoH457gB5IKpmwQ==}
    engines: {node: '>=20.0.0'}

  '@azure/core-util@1.13.1':
    resolution: {integrity: sha512-XPArKLzsvl0Hf0CaGyKHUyVgF7oDnhKoP85Xv6M4StF/1AhfORhZudHtOyf2s+FcbuQ9dPRAjB8J2KvRRMUK2A==}
    engines: {node: '>=20.0.0'}

  '@azure/core-xml@1.5.0':
    resolution: {integrity: sha512-D/sdlJBMJfx7gqoj66PKVmhDDaU6TKA49ptcolxdas29X7AfvLTmfAGLjAcIMBK7UZ2o4lygHIqVckOlQU3xWw==}
    engines: {node: '>=20.0.0'}

  '@azure/logger@1.3.0':
    resolution: {integrity: sha512-fCqPIfOcLE+CGqGPd66c8bZpwAji98tZ4JI9i/mlTNTlsIWslCfpg48s/ypyLxZTump5sypjrKn2/kY7q8oAbA==}
    engines: {node: '>=20.0.0'}

  '@azure/storage-blob@12.30.0':
    resolution: {integrity: sha512-peDCR8blSqhsAKDbpSP/o55S4sheNwSrblvCaHUZ5xUI73XA7ieUGGwrONgD/Fng0EoDe1VOa3fAQ7+WGB3Ocg==}
    engines: {node: '>=20.0.0'}

  '@azure/storage-common@12.2.0':
    resolution: {integrity: sha512-YZLxiJ3vBAAnFbG3TFuAMUlxZRexjQX5JDQxOkFGb6e2TpoxH3xyHI6idsMe/QrWtj41U/KoqBxlayzhS+LlwA==}
    engines: {node: '>=20.0.0'}

  '@esbuild/aix-ppc64@0.28.0':
    resolution: {integrity: sha512-lhRUCeuOyJQURhTxl4WkpFTjIsbDayJHih5kZC1giwE+MhIzAb7mEsQMqMf18rHLsrb5qI1tafG20mLxEWcWlA==}
    engines: {node: '>=18'}
    cpu: [ppc64]
    os: [aix]

  '@esbuild/android-arm64@0.28.0':
    resolution: {integrity: sha512-+WzIXQOSaGs33tLEgYPYe/yQHf0WTU0X42Jca3y8NWMbUVhp7rUnw+vAsRC/QiDrdD31IszMrZy+qwPOPjd+rw==}
    engines: {node: '>=18'}
    cpu: [arm64]
    os: [android]

  '@esbuild/android-arm@0.28.0':
    resolution: {integrity: sha512-wqh0ByljabXLKHeWXYLqoJ5jKC4XBaw6Hk08OfMrCRd2nP2ZQ5eleDZC41XHyCNgktBGYMbqnrJKq/K/lzPMSQ==}
    engines: {node: '>=18'}
    cpu: [arm]
    os: [android]

  '@esbuild/android-x64@0.28.0':
    resolution: {integrity: sha512-+VJggoaKhk2VNNqVL7f6S189UzShHC/mR9EE8rDdSkdpN0KflSwWY/gWjDrNxxisg8Fp1ZCD9jLMo4m0OUfeUA==}
    engines: {node: '>=18'}
    cpu: [x64]
    os: [android]

  '@esbuild/darwin-arm64@0.28.0':
    resolution: {integrity: sha512-0T+A9WZm+bZ84nZBtk1ckYsOvyA3x7e2Acj1KdVfV4/2tdG4fzUp91YHx+GArWLtwqp77pBXVCPn2We7Letr0Q==}
    engines: {node: '>=18'}
    cpu: [arm64]
    os: [darwin]

  '@esbuild/darwin-x64@0.28.0':
    resolution: {integrity: sha512-fyzLm/DLDl/84OCfp2f/XQ4flmORsjU7VKt8HLjvIXChJoFFOIL6pLJPH4Yhd1n1gGFF9mPwtlN5Wf82DZs+LQ==}
    engines: {node: '>=18'}
    cpu: [x64]
    os: [darwin]

  '@esbuild/freebsd-arm64@0.28.0':
    resolution: {integrity: sha512-l9GeW5UZBT9k9brBYI+0WDffcRxgHQD8ShN2Ur4xWq/NFzUKm3k5lsH4PdaRgb2w7mI9u61nr2gI2mLI27Nh3Q==}
    engines: {node: '>=18'}
    cpu: [arm64]
    os: [freebsd]

  '@esbuild/freebsd-x64@0.28.0':
    resolution: {integrity: sha512-BXoQai/A0wPO6Es3yFJ7APCiKGc1tdAEOgeTNy3SsB491S3aHn4S4r3e976eUnPdU+NbdtmBuLncYir2tMU9Nw==}
    engines: {node: '>=18'}
    cpu: [x64]
    os: [freebsd]

  '@esbuild/linux-arm64@0.28.0':
    resolution: {integrity: sha512-RVyzfb3FWsGA55n6WY0MEIEPURL1FcbhFE6BffZEMEekfCzCIMtB5yyDcFnVbTnwk+CLAgTujmV/Lgvih56W+A==}
    engines: {node: '>=18'}
    cpu: [arm64]
    os: [linux]

  '@esbuild/linux-arm@0.28.0':
    resolution: {integrity: sha512-CjaaREJagqJp7iTaNQjjidaNbCKYcd4IDkzbwwxtSvjI7NZm79qiHc8HqciMddQ6CKvJT6aBd8lO9kN/ZudLlw==}
    engines: {node: '>=18'}
    cpu: [arm]
    os: [linux]

  '@esbuild/linux-ia32@0.28.0':
    resolution: {integrity: sha512-KBnSTt1kxl9x70q+ydterVdl+Cn0H18ngRMRCEQfrbqdUuntQQ0LoMZv47uB97NljZFzY6HcfqEZ2SAyIUTQBQ==}
    engines: {node: '>=18'}
    cpu: [ia32]
    os: [linux]

  '@esbuild/linux-loong64@0.28.0':
    resolution: {integrity: sha512-zpSlUce1mnxzgBADvxKXX5sl8aYQHo2ezvMNI8I0lbblJtp8V4odlm3Yzlj7gPyt3T8ReksE6bK+pT3WD+aJRg==}
    engines: {node: '>=18'}
    cpu: [loong64]
    os: [linux]

  '@esbuild/linux-mips64el@0.28.0':
    resolution: {integrity: sha512-2jIfP6mmjkdmeTlsX/9vmdmhBmKADrWqN7zcdtHIeNSCH1SqIoNI63cYsjQR8J+wGa4Y5izRcSHSm8K3QWmk3w==}
    engines: {node: '>=18'}
    cpu: [mips64el]
    os: [linux]

  '@esbuild/linux-ppc64@0.28.0':
    resolution: {integrity: sha512-bc0FE9wWeC0WBm49IQMPSPILRocGTQt3j5KPCA8os6VprfuJ7KD+5PzESSrJ6GmPIPJK965ZJHTUlSA6GNYEhg==}
    engines: {node: '>=18'}
    cpu: [ppc64]
    os: [linux]

  '@esbuild/linux-riscv64@0.28.0':
    resolution: {integrity: sha512-SQPZOwoTTT/HXFXQJG/vBX8sOFagGqvZyXcgLA3NhIqcBv1BJU1d46c0rGcrij2B56Z2rNiSLaZOYW5cUk7yLQ==}
    engines: {node: '>=18'}
    cpu: [riscv64]
    os: [linux]

  '@esbuild/linux-s390x@0.28.0':
    resolution: {integrity: sha512-SCfR0HN8CEEjnYnySJTd2cw0k9OHB/YFzt5zgJEwa+wL/T/raGWYMBqwDNAC6dqFKmJYZoQBRfHjgwLHGSrn3Q==}
    engines: {node: '>=18'}
    cpu: [s390x]
    os: [linux]

  '@esbuild/linux-x64@0.28.0':
    resolution: {integrity: sha512-us0dSb9iFxIi8srnpl931Nvs65it/Jd2a2K3qs7fz2WfGPHqzfzZTfec7oxZJRNPXPnNYZtanmRc4AL/JwVzHQ==}
    engines: {node: '>=18'}
    cpu: [x64]
    os: [linux]

  '@esbuild/netbsd-arm64@0.28.0':
    resolution: {integrity: sha512-CR/RYotgtCKwtftMwJlUU7xCVNg3lMYZ0RzTmAHSfLCXw3NtZtNpswLEj/Kkf6kEL3Gw+BpOekRX0BYCtklhUw==}
    engines: {node: '>=18'}
    cpu: [arm64]
    os: [netbsd]

  '@esbuild/netbsd-x64@0.28.0':
    resolution: {integrity: sha512-nU1yhmYutL+fQ71Kxnhg8uEOdC0pwEW9entHykTgEbna2pw2dkbFSMeqjjyHZoCmt8SBkOSvV+yNmm94aUrrqw==}
    engines: {node: '>=18'}
    cpu: [x64]
    os: [netbsd]

  '@esbuild/openbsd-arm64@0.28.0':
    resolution: {integrity: sha512-cXb5vApOsRsxsEl4mcZ1XY3D4DzcoMxR/nnc4IyqYs0rTI8ZKmW6kyyg+11Z8yvgMfAEldKzP7AdP64HnSC/6g==}
    engines: {node: '>=18'}
    cpu: [arm64]
    os: [openbsd]

  '@esbuild/openbsd-x64@0.28.0':
    resolution: {integrity: sha512-8wZM2qqtv9UP3mzy7HiGYNH/zjTA355mpeuA+859TyR+e+Tc08IHYpLJuMsfpDJwoLo1ikIJI8jC3GFjnRClzA==}
    engines: {node: '>=18'}
    cpu: [x64]
    os: [openbsd]

  '@esbuild/openharmony-arm64@0.28.0':
    resolution: {integrity: sha512-FLGfyizszcef5C3YtoyQDACyg95+dndv79i2EekILBofh5wpCa1KuBqOWKrEHZg3zrL3t5ouE5jgr94vA+Wb2w==}
    engines: {node: '>=18'}
    cpu: [arm64]
    os: [openharmony]

  '@esbuild/sunos-x64@0.28.0':
    resolution: {integrity: sha512-1ZgjUoEdHZZl/YlV76TSCz9Hqj9h9YmMGAgAPYd+q4SicWNX3G5GCyx9uhQWSLcbvPW8Ni7lj4gDa1T40akdlw==}
    engines: {node: '>=18'}
    cpu: [x64]
    os: [sunos]

  '@esbuild/win32-arm64@0.28.0':
    resolution: {integrity: sha512-Q9StnDmQ/enxnpxCCLSg0oo4+34B9TdXpuyPeTedN/6+iXBJ4J+zwfQI28u/Jl40nOYAxGoNi7mFP40RUtkmUA==}
    engines: {node: '>=18'}
    cpu: [arm64]
    os: [win32]

  '@esbuild/win32-ia32@0.28.0':
    resolution: {integrity: sha512-zF3ag/gfiCe6U2iczcRzSYJKH1DCI+ByzSENHlM2FcDbEeo5Zd2C86Aq0tKUYAJJ1obRP84ymxIAksZUcdztHA==}
    engines: {node: '>=18'}
    cpu: [ia32]
    os: [win32]

  '@esbuild/win32-x64@0.28.0':
    resolution: {integrity: sha512-pEl1bO9mfAmIC+tW5btTmrKaujg3zGtUmWNdCw/xs70FBjwAL3o9OEKNHvNmnyylD6ubxUERiEhdsL0xBQ9efw==}
    engines: {node: '>=18'}
    cpu: [x64]
    os: [win32]

  '@fastify/busboy@2.1.1':
    resolution: {integrity: sha512-vBZP4NlzfOlerQTnba4aqZoMhE/a9HY7HRqoOPaETQcSQuWEIyZMHGfVu6w9wGtGK5fED5qRs2DteVCjOH60sA==}
    engines: {node: '>=14'}

  '@protobuf-ts/runtime-rpc@2.11.1':
    resolution: {integrity: sha512-4CqqUmNA+/uMz00+d3CYKgElXO9VrEbucjnBFEjqI4GuDrEQ32MaI3q+9qPBvIGOlL4PmHXrzM32vBPWRhQKWQ==}

  '@protobuf-ts/runtime@2.11.1':
    resolution: {integrity: sha512-KuDaT1IfHkugM2pyz+FwiY80ejWrkH1pAtOBOZFuR6SXEFTsnb/jiQWQ1rCIrcKx2BtyxnxW6BWwsVSA/Ie+WQ==}

  '@types/node@25.0.10':
    resolution: {integrity: sha512-zWW5KPngR/yvakJgGOmZ5vTBemDoSqF3AcV/LrO5u5wTWyEAVVh+IT39G4gtyAkh3CtTZs8aX/yRM82OfzHJRg==}

  '@typespec/ts-http-runtime@0.3.2':
    resolution: {integrity: sha512-IlqQ/Gv22xUC1r/WQm4StLkYQmaaTsXAhUVsNE0+xiyf0yRFiH5++q78U3bw6bLKDCTmh0uqKB9eG9+Bt75Dkg==}
    engines: {node: '>=20.0.0'}

  agent-base@7.1.4:
    resolution: {integrity: sha512-MnA+YT8fwfJPgBx3m60MNqakm30XOkyIoH1y6huTQvC0PwZG7ki8NacLBcrPbNoo8vEZy7Jpuk7+jMO+CUovTQ==}
    engines: {node: '>= 14'}

  balanced-match@1.0.2:
    resolution: {integrity: sha512-3oSeUO0TMV67hN1AmbXsK4yaqU7tjiHlbxRDZOpH0KW9+CeX4bRAaX0Anxt0tx2MrpRpWwQaPwIlISEJhYU5Pw==}

  brace-expansion@1.1.13:
    resolution: {integrity: sha512-9ZLprWS6EENmhEOpjCYW2c8VkmOvckIJZfkr7rBW6dObmfgJ/L1GpSYW5Hpo9lDz4D1+n0Ckz8rU7FwHDQiG/w==}

  concat-map@0.0.1:
    resolution: {integrity: sha512-/Srv4dswyQNBfohGpz9o6Yb3Gz3SrUDqBH5rTuhGR7ahtlbYKnVxw2bCFMRljaA7EXHaXZ8wsHdodFvbkhKmqg==}

  debug@4.4.3:
    resolution: {integrity: sha512-RGwwWnwQvkVfavKVt22FGLw+xYSdzARwm0ru6DhTVA3umU5hZc28V3kO4stgYryrTlLpuvgI9GiijltAjNbcqA==}
    engines: {node: '>=6.0'}
    peerDependencies:
      supports-color: '*'
    peerDependenciesMeta:
      supports-color:
        optional: true

  esbuild@0.28.0:
    resolution: {integrity: sha512-sNR9MHpXSUV/XB4zmsFKN+QgVG82Cc7+/aaxJ8Adi8hyOac+EXptIp45QBPaVyX3N70664wRbTcLTOemCAnyqw==}
    engines: {node: '>=18'}
    hasBin: true

  events@3.3.0:
    resolution: {integrity: sha512-mQw+2fkQbALzQ7V0MY0IqdnXNOeTtP4r0lN9z7AAawCXgqea7bDii20AYrIBrFd/Hx0M2Ocz6S111CaFkUcb0Q==}
    engines: {node: '>=0.8.x'}

  fast-xml-builder@1.1.4:
    resolution: {integrity: sha512-f2jhpN4Eccy0/Uz9csxh3Nu6q4ErKxf0XIsasomfOihuSUa3/xw6w8dnOtCDgEItQFJG8KyXPzQXzcODDrrbOg==}

  fast-xml-parser@5.5.10:
    resolution: {integrity: sha512-go2J2xODMc32hT+4Xr/bBGXMaIoiCwrwp2mMtAvKyvEFW6S/v5Gn2pBmE4nvbwNjGhpcAiOwEv7R6/GZ6XRa9w==}
    hasBin: true

  http-proxy-agent@7.0.2:
    resolution: {integrity: sha512-T1gkAiYYDWYx3V5Bmyu7HcfcvL7mUrTWiM6yOfa3PIphViJ/gFPbvidQ+veqSOHci/PxBcDabeUNCzpOODJZig==}
    engines: {node: '>= 14'}

  https-proxy-agent@7.0.6:
    resolution: {integrity: sha512-vK9P5/iUfdl95AI+JVyUuIcVtd4ofvtrOr3HNtM2yxC9bnMbEdp3x01OhQNnjb8IJYi38VlTE3mBXwcfvywuSw==}
    engines: {node: '>= 14'}

  minimatch@3.1.5:
    resolution: {integrity: sha512-VgjWUsnnT6n+NUk6eZq77zeFdpW2LWDzP6zFGrCbHXiYNul5Dzqk2HHQ5uFH2DNW5Xbp8+jVzaeNt94ssEEl4w==}

  ms@2.1.3:
    resolution: {integrity: sha512-6FlzubTLZG3J2a/NVCAleEhjzq5oxgHyaCU9yYXvcLsvoVaHJq/s5xXI6/XXP6tz7R9xAOtHnSO/tXtF3WRTlA==}

  path-expression-matcher@1.2.1:
    resolution: {integrity: sha512-d7gQQmLvAKXKXE2GeP9apIGbMYKz88zWdsn/BN2HRWVQsDFdUY36WSLTY0Jvd4HWi7Fb30gQ62oAOzdgJA6fZw==}
    engines: {node: '>=14.0.0'}

  semver@6.3.1:
    resolution: {integrity: sha512-BR7VvDCVHO+q2xBEWskxS6DJE1qRnb7DxzUrogb71CWoSficBxYsiAGd+Kl0mmq/MprG9yArRkyrQxTO6XjMzA==}
    hasBin: true

  strnum@2.2.2:
    resolution: {integrity: sha512-DnR90I+jtXNSTXWdwrEy9FakW7UX+qUZg28gj5fk2vxxl7uS/3bpI4fjFYVmdK9etptYBPNkpahuQnEwhwECqA==}

  tslib@2.8.1:
    resolution: {integrity: sha512-oJFu94HQb+KVduSUQL7wnpmqnfmLsOA/nAh6b6EH0wCEoK0/mPeXU6c3wKDV83MkOuHPRHtSXKKU99IBazS/2w==}

  tunnel@0.0.6:
    resolution: {integrity: sha512-1h/Lnq9yajKY2PEbBadPXj3VxsDDu844OnaAo52UVmIzIvwwtBPIuNvkjuzBlTWpfJyUbG3ez0KSBibQkj4ojg==}
    engines: {node: '>=0.6.11 <=0.7.0 || >=0.7.3'}

  typescript@5.9.3:
    resolution: {integrity: sha512-jl1vZzPDinLr9eUt3J/t7V6FgNEw9QjvBPdysz9KfQDD41fQrC2Y4vKQdiaUpFT4bXlb1RHhLpp8wtm6M5TgSw==}
    engines: {node: '>=14.17'}
    hasBin: true

  undici-types@7.16.0:
    resolution: {integrity: sha512-Zz+aZWSj8LE6zoxD+xrjh4VfkIG8Ya6LvYkZqtUQGJPZjYl53ypCaUwWqo7eI0x66KBGeRo+mlBEkMSeSZ38Nw==}

  undici@5.29.0:
    resolution: {integrity: sha512-raqeBD6NQK4SkWhQzeYKd1KmIG6dllBOTt55Rmkt4HtI9mwdWtJljnrXjAFUBLTSN67HWrOIZ3EPF4kjUw80Bg==}
    engines: {node: '>=14.0'}

snapshots:

  '@actions/cache@5.0.3':
    dependencies:
      '@actions/core': 2.0.2
      '@actions/exec': 2.0.0
      '@actions/glob': 0.5.0
      '@actions/http-client': 3.0.1
      '@actions/io': 2.0.0
      '@azure/abort-controller': 1.1.0
      '@azure/core-rest-pipeline': 1.22.2
      '@azure/storage-blob': 12.30.0
      '@protobuf-ts/runtime-rpc': 2.11.1
      semver: 6.3.1
    transitivePeerDependencies:
      - supports-color

  '@actions/core@1.11.1':
    dependencies:
      '@actions/exec': 1.1.1
      '@actions/http-client': 2.2.3

  '@actions/core@2.0.2':
    dependencies:
      '@actions/exec': 2.0.0
      '@actions/http-client': 3.0.1

  '@actions/exec@1.1.1':
    dependencies:
      '@actions/io': 1.1.3

  '@actions/exec@2.0.0':
    dependencies:
      '@actions/io': 2.0.0

  '@actions/glob@0.5.0':
    dependencies:
      '@actions/core': 1.11.1
      minimatch: 3.1.5

  '@actions/http-client@2.2.3':
    dependencies:
      tunnel: 0.0.6
      undici: 5.29.0

  '@actions/http-client@3.0.1':
    dependencies:
      tunnel: 0.0.6
      undici: 5.29.0

  '@actions/io@1.1.3': {}

  '@actions/io@2.0.0': {}

  '@azure/abort-controller@1.1.0':
    dependencies:
      tslib: 2.8.1

  '@azure/abort-controller@2.1.2':
    dependencies:
      tslib: 2.8.1

  '@azure/core-auth@1.10.1':
    dependencies:
      '@azure/abort-controller': 2.1.2
      '@azure/core-util': 1.13.1
      tslib: 2.8.1
    transitivePeerDependencies:
      - supports-color

  '@azure/core-client@1.10.1':
    dependencies:
      '@azure/abort-controller': 2.1.2
      '@azure/core-auth': 1.10.1
      '@azure/core-rest-pipeline': 1.22.2
      '@azure/core-tracing': 1.3.1
      '@azure/core-util': 1.13.1
      '@azure/logger': 1.3.0
      tslib: 2.8.1
    transitivePeerDependencies:
      - supports-color

  '@azure/core-http-compat@2.3.1':
    dependencies:
      '@azure/abort-controller': 2.1.2
      '@azure/core-client': 1.10.1
      '@azure/core-rest-pipeline': 1.22.2
    transitivePeerDependencies:
      - supports-color

  '@azure/core-lro@2.7.2':
    dependencies:
      '@azure/abort-controller': 2.1.2
      '@azure/core-util': 1.13.1
      '@azure/logger': 1.3.0
      tslib: 2.8.1
    transitivePeerDependencies:
      - supports-color

  '@azure/core-paging@1.6.2':
    dependencies:
      tslib: 2.8.1

  '@azure/core-rest-pipeline@1.22.2':
    dependencies:
      '@azure/abort-controller': 2.1.2
      '@azure/core-auth': 1.10.1
      '@azure/core-tracing': 1.3.1
      '@azure/core-util': 1.13.1
      '@azure/logger': 1.3.0
      '@typespec/ts-http-runtime': 0.3.2
      tslib: 2.8.1
    transitivePeerDependencies:
      - supports-color

  '@azure/core-tracing@1.3.1':
    dependencies:
      tslib: 2.8.1

  '@azure/core-util@1.13.1':
    dependencies:
      '@azure/abort-controller': 2.1.2
      '@typespec/ts-http-runtime': 0.3.2
      tslib: 2.8.1
    transitivePeerDependencies:
      - supports-color

  '@azure/core-xml@1.5.0':
    dependencies:
      fast-xml-parser: 5.5.10
      tslib: 2.8.1

  '@azure/logger@1.3.0':
    dependencies:
      '@typespec/ts-http-runtime': 0.3.2
      tslib: 2.8.1
    transitivePeerDependencies:
      - supports-color

  '@azure/storage-blob@12.30.0':
    dependencies:
      '@azure/abort-controller': 2.1.2
      '@azure/core-auth': 1.10.1
      '@azure/core-client': 1.10.1
      '@azure/core-http-compat': 2.3.1
      '@azure/core-lro': 2.7.2
      '@azure/core-paging': 1.6.2
      '@azure/core-rest-pipeline': 1.22.2
      '@azure/core-tracing': 1.3.1
      '@azure/core-util': 1.13.1
      '@azure/core-xml': 1.5.0
      '@azure/logger': 1.3.0
      '@azure/storage-common': 12.2.0
      events: 3.3.0
      tslib: 2.8.1
    transitivePeerDependencies:
      - supports-color

  '@azure/storage-common@12.2.0':
    dependencies:
      '@azure/abort-controller': 2.1.2
      '@azure/core-auth': 1.10.1
      '@azure/core-http-compat': 2.3.1
      '@azure/core-rest-pipeline': 1.22.2
      '@azure/core-tracing': 1.3.1
      '@azure/core-util': 1.13.1
      '@azure/logger': 1.3.0
      events: 3.3.0
      tslib: 2.8.1
    transitivePeerDependencies:
      - supports-color

  '@esbuild/aix-ppc64@0.28.0':
    optional: true

  '@esbuild/android-arm64@0.28.0':
    optional: true

  '@esbuild/android-arm@0.28.0':
    optional: true

  '@esbuild/android-x64@0.28.0':
    optional: true

  '@esbuild/darwin-arm64@0.28.0':
    optional: true

  '@esbuild/darwin-x64@0.28.0':
    optional: true

  '@esbuild/freebsd-arm64@0.28.0':
    optional: true

  '@esbuild/freebsd-x64@0.28.0':
    optional: true

  '@esbuild/linux-arm64@0.28.0':
    optional: true

  '@esbuild/linux-arm@0.28.0':
    optional: true

  '@esbuild/linux-ia32@0.28.0':
    optional: true

  '@esbuild/linux-loong64@0.28.0':
    optional: true

  '@esbuild/linux-mips64el@0.28.0':
    optional: true

  '@esbuild/linux-ppc64@0.28.0':
    optional: true

  '@esbuild/linux-riscv64@0.28.0':
    optional: true

  '@esbuild/linux-s390x@0.28.0':
    optional: true

  '@esbuild/linux-x64@0.28.0':
    optional: true

  '@esbuild/netbsd-arm64@0.28.0':
    optional: true

  '@esbuild/netbsd-x64@0.28.0':
    optional: true

  '@esbuild/openbsd-arm64@0.28.0':
    optional: true

  '@esbuild/openbsd-x64@0.28.0':
    optional: true

  '@esbuild/openharmony-arm64@0.28.0':
    optional: true

  '@esbuild/sunos-x64@0.28.0':
    optional: true

  '@esbuild/win32-arm64@0.28.0':
    optional: true

  '@esbuild/win32-ia32@0.28.0':
    optional: true

  '@esbuild/win32-x64@0.28.0':
    optional: true

  '@fastify/busboy@2.1.1': {}

  '@protobuf-ts/runtime-rpc@2.11.1':
    dependencies:
      '@protobuf-ts/runtime': 2.11.1

  '@protobuf-ts/runtime@2.11.1': {}

  '@types/node@25.0.10':
    dependencies:
      undici-types: 7.16.0

  '@typespec/ts-http-runtime@0.3.2':
    dependencies:
      http-proxy-agent: 7.0.2
      https-proxy-agent: 7.0.6
      tslib: 2.8.1
    transitivePeerDependencies:
      - supports-color

  agent-base@7.1.4: {}

  balanced-match@1.0.2: {}

  brace-expansion@1.1.13:
    dependencies:
      balanced-match: 1.0.2
      concat-map: 0.0.1

  concat-map@0.0.1: {}

  debug@4.4.3:
    dependencies:
      ms: 2.1.3

  esbuild@0.28.0:
    optionalDependencies:
      '@esbuild/aix-ppc64': 0.28.0
      '@esbuild/android-arm': 0.28.0
      '@esbuild/android-arm64': 0.28.0
      '@esbuild/android-x64': 0.28.0
      '@esbuild/darwin-arm64': 0.28.0
      '@esbuild/darwin-x64': 0.28.0
      '@esbuild/freebsd-arm64': 0.28.0
      '@esbuild/freebsd-x64': 0.28.0
      '@esbuild/linux-arm': 0.28.0
      '@esbuild/linux-arm64': 0.28.0
      '@esbuild/linux-ia32': 0.28.0
      '@esbuild/linux-loong64': 0.28.0
      '@esbuild/linux-mips64el': 0.28.0
      '@esbuild/linux-ppc64': 0.28.0
      '@esbuild/linux-riscv64': 0.28.0
      '@esbuild/linux-s390x': 0.28.0
      '@esbuild/linux-x64': 0.28.0
      '@esbuild/netbsd-arm64': 0.28.0
      '@esbuild/netbsd-x64': 0.28.0
      '@esbuild/openbsd-arm64': 0.28.0
      '@esbuild/openbsd-x64': 0.28.0
      '@esbuild/openharmony-arm64': 0.28.0
      '@esbuild/sunos-x64': 0.28.0
      '@esbuild/win32-arm64': 0.28.0
      '@esbuild/win32-ia32': 0.28.0
      '@esbuild/win32-x64': 0.28.0

  events@3.3.0: {}

  fast-xml-builder@1.1.4:
    dependencies:
      path-expression-matcher: 1.2.1

  fast-xml-parser@5.5.10:
    dependencies:
      fast-xml-builder: 1.1.4
      path-expression-matcher: 1.2.1
      strnum: 2.2.2

  http-proxy-agent@7.0.2:
    dependencies:
      agent-base: 7.1.4
      debug: 4.4.3
    transitivePeerDependencies:
      - supports-color

  https-proxy-agent@7.0.6:
    dependencies:
      agent-base: 7.1.4
      debug: 4.4.3
    transitivePeerDependencies:
      - supports-color

  minimatch@3.1.5:
    dependencies:
      brace-expansion: 1.1.13

  ms@2.1.3: {}

  path-expression-matcher@1.2.1: {}

  semver@6.3.1: {}

  strnum@2.2.2: {}

  tslib@2.8.1: {}

  tunnel@0.0.6: {}

  typescript@5.9.3: {}

  undici-types@7.16.0: {}

  undici@5.29.0:
    dependencies:
      '@fastify/busboy': 2.1.1
